PODS:
  - Flutter (1.0.0)
  - receive_sharing_intent (1.8.1):
    - Flutter

DEPENDENCIES:
  - Flutter (from `Flutter`)
  - receive_sharing_intent (from `.symlinks/plugins/receive_sharing_intent/ios`)

EXTERNAL SOURCES:
  Flutter:
    :path: Flutter
  receive_sharing_intent:
    :path: ".symlinks/plugins/receive_sharing_intent/ios"

SPEC CHECKSUMS:
  Flutter: e0871f40cf51350855a761d2e70bf5af5b9b5de7
  receive_sharing_intent: 222384f00ffe7e952bbfabaa9e3967cb87e5fe00

PODFILE CHECKSUM: b4f6a2524c570f4064b4baab0c402e22ad4981d6

COCOAPODS: 1.16.2
